GEM
  remote: https://rubygems.org/
  specs:
    minitest (5.27.0)
    nio4r (2.7.5)
    puma (7.2.1)
      nio4r (~> 2.0)
    rack (3.2.6)
    rake (13.4.2)

PLATFORMS
  ruby
  x86_64-linux

DEPENDENCIES
  minitest (~> 5.25)
  puma (~> 7.2)
  rack (~> 3.2)
  rake (~> 13.2)

RUBY VERSION
   ruby 3.3.11p205

BUNDLED WITH
   2.5.22
